
Microsoft Visual Studio Solution File, Format Version 12.00
# Visual Studio 15
VisualStudioVersion = 15.0.26124.0
MinimumVisualStudioVersion = 15.0.26124.0
Project("{FAE04EC0-301F-11D3-BF4B-00C04F79EFBC}") = "actorcompiler", "actorcompiler.csproj", "{0ECC1314-3FC2-458D-8E41-B50B4EA24E51}"
EndProject
Global
	GlobalSection(SolutionConfigurationPlatforms) = preSolution
		Debug|Any CPU = Debug|Any CPU
		Debug|x64 = Debug|x64
		Debug|x86 = Debug|x86
		Release|Any CPU = Release|Any CPU
		Release|x64 = Release|x64
		Release|x86 = Release|x86
	EndGlobalSection
	GlobalSection(SolutionProperties) = preSolution
		HideSolutionNode = FALSE
	EndGlobalSection
	GlobalSection(ProjectConfigurationPlatforms) = postSolution
		{0ECC1314-3FC2-458D-8E41-B50B4EA24E51}.Debug|Any CPU.ActiveCfg = Debug|Any CPU
		{0ECC1314-3FC2-458D-8E41-B50B4EA24E51}.Debug|Any CPU.Build.0 = Debug|Any CPU
		{0ECC1314-3FC2-458D-8E41-B50B4EA24E51}.Debug|x64.ActiveCfg = Debug|Any CPU
		{0ECC1314-3FC2-458D-8E41-B50B4EA24E51}.Debug|x64.Build.0 = Debug|Any CPU
		{0ECC1314-3FC2-458D-8E41-B50B4EA24E51}.Debug|x86.ActiveCfg = Debug|Any CPU
		{0ECC1314-3FC2-458D-8E41-B50B4EA24E51}.Debug|x86.Build.0 = Debug|Any CPU
		{0ECC1314-3FC2-458D-8E41-B50B4EA24E51}.Release|Any CPU.ActiveCfg = Debug|Any CPU
		{0ECC1314-3FC2-458D-8E41-B50B4EA24E51}.Release|Any CPU.Build.0 = Debug|Any CPU
		{0ECC1314-3FC2-458D-8E41-B50B4EA24E51}.Release|x64.ActiveCfg = Debug|Any CPU
		{0ECC1314-3FC2-458D-8E41-B50B4EA24E51}.Release|x64.Build.0 = Debug|Any CPU
		{0ECC1314-3FC2-458D-8E41-B50B4EA24E51}.Release|x86.ActiveCfg = Debug|Any CPU
		{0ECC1314-3FC2-458D-8E41-B50B4EA24E51}.Release|x86.Build.0 = Debug|Any CPU
	EndGlobalSection
EndGlobal
