{
  "nodes": {
    "fdb-overlay": {
      "inputs": {
        "nixpkgs": [
          "nixpkgs"
        ]
      },
      "locked": {
        "lastModified": 1782312007,
        "narHash": "sha256-DFr5o8fjyldBE0T3kgyeFVCBnZ/LD0OAEVycFeC0kJ0=",
        "owner": "foundationdb-rs",
        "repo": "overlay",
        "rev": "d25f5f89b413efa1b04c0966623042f830409960",
        "type": "github"
      },
      "original": {
        "owner": "foundationdb-rs",
        "repo": "overlay",
        "type": "github"
      }
    },
    "nixpkgs": {
      "locked": {
        "lastModified": 1789370336,
        "narHash": "sha256-obwZbWHP7htCIoq2Z0g/uTMcEgN6yqcMNIcOMe6P2qI=",
        "rev": "c7def046b9a883d46974757852106483d741586f",
        "type": "tarball",
        "url": "https://releases.nixos.org/nixpkgs/nixpkgs-26.11pre1073483.c7def046b9a8/nixexprs.tar.zst"
      },
      "original": {
        "type": "tarball",
        "url": "https://channels.nixos.org/nixpkgs-unstable/nixexprs.tar.zst"
      }
    },
    "root": {
      "inputs": {
        "fdb-overlay": "fdb-overlay",
        "nixpkgs": "nixpkgs",
        "rust-overlay": "rust-overlay"
      }
    },
    "rust-overlay": {
      "inputs": {
        "nixpkgs": [
          "nixpkgs"
        ]
      },
      "locked": {
        "lastModified": 1789457514,
        "narHash": "sha256-Aggle++fTyAifBy+QBPxjM+obO5iepKW/8MDxQtgGvI=",
        "owner": "oxalica",
        "repo": "rust-overlay",
        "rev": "89e99bf0778a8f2cd18c9360c3f19c1ee47fc739",
        "type": "github"
      },
      "original": {
        "owner": "oxalica",
        "repo": "rust-overlay",
        "type": "github"
      }
    }
  },
  "root": "root",
  "version": 7
}
