
Microsoft Visual Studio Solution File, Format Version 12.00
# Visual Studio Version 17
VisualStudioVersion = 17.5.002.0
MinimumVisualStudioVersion = 10.0.40219.1
Project("{2150E333-8FDC-42A3-9474-1A3956D46DE8}") = "fdbclient", "fdbclient", "{676C2B99-1AC3-459F-B705-6618A71642A5}"
EndProject
Project("{9A19103F-16F7-4668-BE54-9A1E7A4F7556}") = "vexillographer", "fdbclient\vexillographer\vexillographer.csproj", "{CB1D65AD-DD53-43C2-AD6F-E92363A42867}"
EndProject
Project("{2150E333-8FDC-42A3-9474-1A3956D46DE8}") = "contrib", "contrib", "{2E5E476D-E8B0-48BF-9AA0-B94232318514}"
EndProject
Project("{9A19103F-16F7-4668-BE54-9A1E7A4F7556}") = "TestHarness", "contrib\TestHarness\TestHarness.csproj", "{2135C315-BDE9-4D26-9C4E-690D26D8D691}"
EndProject
Project("{9A19103F-16F7-4668-BE54-9A1E7A4F7556}") = "TraceLogHelper", "contrib\TraceLogHelper\TraceLogHelper.csproj", "{C173B5E1-9D8A-431B-94B3-77685EC6E217}"
EndProject
Project("{2150E333-8FDC-42A3-9474-1A3956D46DE8}") = "flow", "flow", "{FA713B04-0D1A-4046-8D43-6D4EBEA7D5DC}"
EndProject
Project("{9A19103F-16F7-4668-BE54-9A1E7A4F7556}") = "coveragetool", "flow\coveragetool\coveragetool.csproj", "{FC08AD57-8A5A-40B7-B257-4EDE8F8296C9}"
EndProject
Project("{9A19103F-16F7-4668-BE54-9A1E7A4F7556}") = "actorcompiler", "flow\actorcompiler\actorcompiler.csproj", "{9808FB4E-7215-4552-945B-2C2E4FA55F54}"
EndProject
Global
	GlobalSection(SolutionConfigurationPlatforms) = preSolution
		Debug|Any CPU = Debug|Any CPU
		Release|Any CPU = Release|Any CPU
	EndGlobalSection
	GlobalSection(ProjectConfigurationPlatforms) = postSolution
		{CB1D65AD-DD53-43C2-AD6F-E92363A42867}.Debug|Any CPU.ActiveCfg = Debug|Any CPU
		{CB1D65AD-DD53-43C2-AD6F-E92363A42867}.Debug|Any CPU.Build.0 = Debug|Any CPU
		{CB1D65AD-DD53-43C2-AD6F-E92363A42867}.Release|Any CPU.ActiveCfg = Release|Any CPU
		{CB1D65AD-DD53-43C2-AD6F-E92363A42867}.Release|Any CPU.Build.0 = Release|Any CPU
		{2135C315-BDE9-4D26-9C4E-690D26D8D691}.Debug|Any CPU.ActiveCfg = Debug|Any CPU
		{2135C315-BDE9-4D26-9C4E-690D26D8D691}.Debug|Any CPU.Build.0 = Debug|Any CPU
		{2135C315-BDE9-4D26-9C4E-690D26D8D691}.Release|Any CPU.ActiveCfg = Release|Any CPU
		{2135C315-BDE9-4D26-9C4E-690D26D8D691}.Release|Any CPU.Build.0 = Release|Any CPU
		{C173B5E1-9D8A-431B-94B3-77685EC6E217}.Debug|Any CPU.ActiveCfg = Debug|Any CPU
		{C173B5E1-9D8A-431B-94B3-77685EC6E217}.Debug|Any CPU.Build.0 = Debug|Any CPU
		{C173B5E1-9D8A-431B-94B3-77685EC6E217}.Release|Any CPU.ActiveCfg = Release|Any CPU
		{C173B5E1-9D8A-431B-94B3-77685EC6E217}.Release|Any CPU.Build.0 = Release|Any CPU
		{FC08AD57-8A5A-40B7-B257-4EDE8F8296C9}.Debug|Any CPU.ActiveCfg = Debug|Any CPU
		{FC08AD57-8A5A-40B7-B257-4EDE8F8296C9}.Debug|Any CPU.Build.0 = Debug|Any CPU
		{FC08AD57-8A5A-40B7-B257-4EDE8F8296C9}.Release|Any CPU.ActiveCfg = Release|Any CPU
		{FC08AD57-8A5A-40B7-B257-4EDE8F8296C9}.Release|Any CPU.Build.0 = Release|Any CPU
		{9808FB4E-7215-4552-945B-2C2E4FA55F54}.Debug|Any CPU.ActiveCfg = Debug|Any CPU
		{9808FB4E-7215-4552-945B-2C2E4FA55F54}.Debug|Any CPU.Build.0 = Debug|Any CPU
		{9808FB4E-7215-4552-945B-2C2E4FA55F54}.Release|Any CPU.ActiveCfg = Release|Any CPU
		{9808FB4E-7215-4552-945B-2C2E4FA55F54}.Release|Any CPU.Build.0 = Release|Any CPU
	EndGlobalSection
	GlobalSection(SolutionProperties) = preSolution
		HideSolutionNode = FALSE
	EndGlobalSection
	GlobalSection(NestedProjects) = preSolution
		{CB1D65AD-DD53-43C2-AD6F-E92363A42867} = {676C2B99-1AC3-459F-B705-6618A71642A5}
		{2135C315-BDE9-4D26-9C4E-690D26D8D691} = {2E5E476D-E8B0-48BF-9AA0-B94232318514}
		{C173B5E1-9D8A-431B-94B3-77685EC6E217} = {2E5E476D-E8B0-48BF-9AA0-B94232318514}
		{FC08AD57-8A5A-40B7-B257-4EDE8F8296C9} = {FA713B04-0D1A-4046-8D43-6D4EBEA7D5DC}
		{9808FB4E-7215-4552-945B-2C2E4FA55F54} = {FA713B04-0D1A-4046-8D43-6D4EBEA7D5DC}
	EndGlobalSection
	GlobalSection(ExtensibilityGlobals) = postSolution
		SolutionGuid = {B8ED1A13-41A2-4771-BC94-E5D5DE73A7CE}
	EndGlobalSection
EndGlobal
