<?xml version="1.0" encoding="utf-8"?>
<Project ToolsVersion="4.0" xmlns="http://schemas.microsoft.com/developer/msbuild/2003">
  <ItemGroup>
    <ActorCompiler Include="ActorCollection.actor.cpp" />
    <ActorCompiler Include="ThreadHelper.actor.h" />
    <ActorCompiler Include="IndexedSet.actor.h" />
    <ActorCompiler Include="Stats.actor.cpp" />
    <ActorCompiler Include="Net2.actor.cpp" />
    <ActorCompiler Include="genericactors.actor.cpp" />
    <ActorCompiler Include="genericactors.actor.h" />
    <ActorCompiler Include="Profiler.actor.cpp" />
    <ActorCompiler Include="EventTypes.actor.h" />
    <ActorCompiler Include="CompressedInt.actor.cpp" />
    <ActorCompiler Include="TDMetric.actor.h" />
  </ItemGroup>
  <ItemGroup>
    <ClCompile Include="boost.cpp" />
    <ClCompile Include="Error.cpp" />
    <ClCompile Include="FastAlloc.cpp" />
    <ClCompile Include="Hash3.c" />
    <ClCompile Include="IndexedSet.cpp" />
    <ClCompile Include="SystemMonitor.cpp" />
    <ClCompile Include="ThreadPrimitives.cpp" />
    <ClCompile Include="Platform.cpp" />
    <ClCompile Include="Trace.cpp" />
    <ClCompile Include="Knobs.cpp" />
    <ClCompile Include="TDMetric.cpp" />
    <ClCompile Include="UnitTest.cpp" />
    <ClCompile Include="Deque.cpp" />
    <ClCompile Include="flow.cpp" />
    <ClCompile Include="FaultInjection.cpp" />
    <ClCompile Include="IThreadPool.cpp" />
    <ClCompile Include="network.cpp" />
    <ClCompile Include="Net2Packet.cpp" />
    <ClCompile Include="ThreadHelper.cpp" />
    <ClCompile Include="version.cpp" />
    <ClCompile Include="stacktrace.amalgamation.cpp" />
    <ClCompile Include="SignalSafeUnwind.cpp" />
  </ItemGroup>
  <ItemGroup>
    <ClInclude Include="ActorCollection.h" />
    <ClInclude Include="actorcompiler.h" />
    <ClInclude Include="Arena.h" />
    <ClInclude Include="DeterministicRandom.h" />
    <ClInclude Include="Error.h" />
    <ClInclude Include="error_definitions.h" />
    <ClInclude Include="FastAlloc.h" />
    <ClInclude Include="FastRef.h" />
    <ClInclude Include="Hash3.h" />
    <ClInclude Include="IndexedSet.h" />
    <ClInclude Include="IRandom.h" />
    <ClInclude Include="IThreadPool.h" />
    <ClInclude Include="serialize.h" />
    <ClInclude Include="SimpleOpt.h" />
    <ClInclude Include="SystemMonitor.h" />
    <ClInclude Include="ThreadPrimitives.h" />
    <ClInclude Include="Platform.h" />
    <ClInclude Include="Trace.h" />
    <ClInclude Include="ThreadSafeQueue.h" />
    <ClInclude Include="Knobs.h" />
    <ClInclude Include="UnitTest.h" />
    <ClInclude Include="Stats.h" />
    <ClInclude Include="Deque.h" />
    <ClInclude Include="IDispatched.h" />
    <ClInclude Include="flow.h" />
    <ClInclude Include="FaultInjection.h" />
    <ClInclude Include="network.h" />
    <ClInclude Include="AsioReactor.h" />
    <ClInclude Include="Net2Packet.h" />
    <ClInclude Include="Profiler.h" />
    <ClInclude Include="CompressedInt.h" />
    <ClInclude Include="SignalSafeUnwind.h" />
    <ClInclude Include="MetricSample.h" />
    <ClInclude Include="stacktrace.h" />
  </ItemGroup>
  <ItemGroup>
    <None Include="no_intellisense.opt" />
  </ItemGroup>
</Project>
