<?xml version="1.0" encoding="utf-8"?>
<Project ToolsVersion="4.0" xmlns="http://schemas.microsoft.com/developer/msbuild/2003">
  <ItemGroup>
    <ActorCompiler Include="sim2.actor.cpp" />
    <ActorCompiler Include="AsyncFileEIO.actor.h" />
    <ActorCompiler Include="AsyncFileWinASIO.actor.h" />
    <ActorCompiler Include="LoadBalance.actor.h" />
    <ActorCompiler Include="AsyncFileKAIO.actor.h" />
    <ActorCompiler Include="AsyncFileCached.actor.h" />
    <ActorCompiler Include="AsyncFileCached.actor.cpp" />
    <ActorCompiler Include="AsyncFileNonDurable.actor.h" />
    <ActorCompiler Include="AsyncFileNonDurable.actor.cpp" />
    <ActorCompiler Include="TLSConnection.actor.cpp" />
    <ActorCompiler Include="dsltest.actor.cpp" />
    <ActorCompiler Include="FlowTests.actor.cpp" />
    <ActorCompiler Include="genericactors.actor.cpp" />
    <ActorCompiler Include="genericactors.actor.h" />
    <ActorCompiler Include="FailureMonitor.actor.cpp" />
    <ActorCompiler Include="FlowTransport.actor.cpp" />
    <ActorCompiler Include="ActorFuzz.actor.cpp" />
    <ActorCompiler Include="AsyncFileReadAhead.actor.h" />
    <ActorCompiler Include="IAsyncFile.actor.cpp" />
    <ActorCompiler Include="networksender.actor.h" />
  </ItemGroup>
  <ItemGroup>
    <ClCompile Include="Locality.cpp" />
    <ClCompile Include="libcoroutine\Common.c">
      <Filter>libcoroutine</Filter>
    </ClCompile>
    <ClCompile Include="libcoroutine\Coro.c">
      <Filter>libcoroutine</Filter>
    </ClCompile>
    <ClCompile Include="sim_validation.cpp" />
    <ClCompile Include="zlib\gzclose.c">
      <Filter>zlib</Filter>
    </ClCompile>
    <ClCompile Include="zlib\gzwrite.c">
      <Filter>zlib</Filter>
    </ClCompile>
    <ClCompile Include="zlib\gzlib.c">
      <Filter>zlib</Filter>
    </ClCompile>
    <ClCompile Include="zlib\deflate.c">
      <Filter>zlib</Filter>
    </ClCompile>
    <ClCompile Include="zlib\zutil.c">
      <Filter>zlib</Filter>
    </ClCompile>
    <ClCompile Include="zlib\adler32.c">
      <Filter>zlib</Filter>
    </ClCompile>
    <ClCompile Include="zlib\crc32.c">
      <Filter>zlib</Filter>
    </ClCompile>
    <ClCompile Include="zlib\gzread.c">
      <Filter>zlib</Filter>
    </ClCompile>
    <ClCompile Include="zlib\trees.c">
      <Filter>zlib</Filter>
    </ClCompile>
    <ClCompile Include="zlib\infback.c">
      <Filter>zlib</Filter>
    </ClCompile>
    <ClCompile Include="zlib\inffast.c">
      <Filter>zlib</Filter>
    </ClCompile>
    <ClCompile Include="zlib\inflate.c">
      <Filter>zlib</Filter>
    </ClCompile>
    <ClCompile Include="zlib\inftrees.c">
      <Filter>zlib</Filter>
    </ClCompile>
    <ClCompile Include="Net2FileSystem.cpp" />
    <ClCompile Include="Platform.cpp" />
    <ClCompile Include="QueueModel.cpp" />
    <ClCompile Include="TraceFileIO.cpp" />
    <ClCompile Include="Replication.cpp" />
    <ClCompile Include="ReplicationTypes.cpp" />
    <ClCompile Include="ReplicationPolicy.cpp" />
    <ClCompile Include="crc32c.cpp" />
    <ClCompile Include="generated-constants.cpp" />
    <ClCompile Include="AsyncFileWriteChecker.cpp" />
    <ClCompile Include="ReplicationUtils.cpp" />
  </ItemGroup>
  <ItemGroup>
    <ClInclude Include="LoadBalance.h" />
    <ClInclude Include="Locality.h" />
    <ClInclude Include="simulator.h" />
    <ClInclude Include="libcoroutine\Base.h">
      <Filter>libcoroutine</Filter>
    </ClInclude>
    <ClInclude Include="libcoroutine\Common.h">
      <Filter>libcoroutine</Filter>
    </ClInclude>
    <ClInclude Include="libcoroutine\Coro.h">
      <Filter>libcoroutine</Filter>
    </ClInclude>
    <ClInclude Include="sim_validation.h" />
    <ClInclude Include="zlib\zlib.h">
      <Filter>zlib</Filter>
    </ClInclude>
    <ClInclude Include="zlib\gzguts.h">
      <Filter>zlib</Filter>
    </ClInclude>
    <ClInclude Include="zlib\zutil.h">
      <Filter>zlib</Filter>
    </ClInclude>
    <ClInclude Include="zlib\zconf.h">
      <Filter>zlib</Filter>
    </ClInclude>
    <ClInclude Include="zlib\deflate.h">
      <Filter>zlib</Filter>
    </ClInclude>
    <ClInclude Include="zlib\crc32.h">
      <Filter>zlib</Filter>
    </ClInclude>
    <ClInclude Include="zlib\trees.h">
      <Filter>zlib</Filter>
    </ClInclude>
    <ClInclude Include="zlib\inffast.h">
      <Filter>zlib</Filter>
    </ClInclude>
    <ClInclude Include="zlib\inffixed.h">
      <Filter>zlib</Filter>
    </ClInclude>
    <ClInclude Include="zlib\inflate.h">
      <Filter>zlib</Filter>
    </ClInclude>
    <ClInclude Include="zlib\inftrees.h">
      <Filter>zlib</Filter>
    </ClInclude>
    <ClInclude Include="ITLSPlugin.h" />
    <ClInclude Include="FailureMonitor.h" />
    <ClInclude Include="FlowTransport.h" />
    <ClInclude Include="IAsyncFile.h" />
    <ClInclude Include="Net2FileSystem.h" />
    <ClInclude Include="Platform.h" />
    <ClInclude Include="ActorFuzz.h" />
    <ClInclude Include="ContinuousSample.h" />
    <ClInclude Include="fdbrpc.h" />
    <ClInclude Include="MultiInterface.h" />
    <ClInclude Include="PerfMetric.h" />
    <ClInclude Include="QueueModel.h" />
    <ClInclude Include="RangeMap.h" />
    <ClInclude Include="Smoother.h" />
    <ClInclude Include="TraceFileIO.h" />
    <ClInclude Include="TLSConnection.h" />
    <ClInclude Include="IRateControl.h" />
    <ClInclude Include="Replication.h" />
    <ClInclude Include="ReplicationTypes.h" />
    <ClInclude Include="ReplicationPolicy.h" />
    <ClInclude Include="crc32c.h" />
    <ClInclude Include="ReplicationUtils.h" />
    <ClInclude Include="AsyncFileWriteChecker.h" />
    <ClInclude Include="linux_kaio.h" />
    <ClInclude Include="LoadPlugin.h" />
  </ItemGroup>
  <ItemGroup>
    <Filter Include="libcoroutine">
      <UniqueIdentifier>{c6db8910-449e-4436-8a6c-9e76b3e0ca1d}</UniqueIdentifier>
    </Filter>
    <Filter Include="zlib">
      <UniqueIdentifier>{b79fbb2a-5d80-4135-b363-f6de83e62e73}</UniqueIdentifier>
    </Filter>
  </ItemGroup>
</Project>
